// !$*UTF8*$!
{
	archiveVersion = 1;
	classes = {
	};
	objectVersion = 46;
	objects = {

/* Begin PBXBuildFile section */
		006975F51AEB32F100F7DD9A /* AppDelegate.swift in Sources */ = {isa = PBXBuildFile; fileRef = 006975F41AEB32F100F7DD9A /* AppDelegate.swift */; };
		006975F71AEB32F100F7DD9A /* LoginViewController.swift in Sources */ = {isa = PBXBuildFile; fileRef = 006975F61AEB32F100F7DD9A /* LoginViewController.swift */; };
		006975FA1AEB32F100F7DD9A /* Main.storyboard in Resources */ = {isa = PBXBuildFile; fileRef = 006975F81AEB32F100F7DD9A /* Main.storyboard */; };
		006975FC1AEB32F100F7DD9A /* Images.xcassets in Resources */ = {isa = PBXBuildFile; fileRef = 006975FB1AEB32F100F7DD9A /* Images.xcassets */; };
		006975FF1AEB32F100F7DD9A /* LaunchScreen.xib in Resources */ = {isa = PBXBuildFile; fileRef = 006975FD1AEB32F100F7DD9A /* LaunchScreen.xib */; };
		0069760B1AEB32F100F7DD9A /* OnTheMapTests.swift in Sources */ = {isa = PBXBuildFile; fileRef = 0069760A1AEB32F100F7DD9A /* OnTheMapTests.swift */; };
		006976181AEBBA9400F7DD9A /* UdacityClient.swift in Sources */ = {isa = PBXBuildFile; fileRef = 006976171AEBBA9400F7DD9A /* UdacityClient.swift */; };
		006E5C091AFDB11700565EA4 /* UdacityAnnotation.swift in Sources */ = {isa = PBXBuildFile; fileRef = 006E5C081AFDB11700565EA4 /* UdacityAnnotation.swift */; };
		00EC35411AFE4241009006B9 /* ParseClient.swift in Sources */ = {isa = PBXBuildFile; fileRef = 00EC35401AFE4241009006B9 /* ParseClient.swift */; };
		00EC35431AFE4253009006B9 /* ParseConstants.swift in Sources */ = {isa = PBXBuildFile; fileRef = 00EC35421AFE4253009006B9 /* ParseConstants.swift */; };
		00F03F571B081E2000077403 /* PostingViewController.swift in Sources */ = {isa = PBXBuildFile; fileRef = 00F03F561B081E2000077403 /* PostingViewController.swift */; };
		00F0F2BC1B0398AB00FB7769 /* UdacityStudent.swift in Sources */ = {isa = PBXBuildFile; fileRef = 00F0F2BB1B0398AB00FB7769 /* UdacityStudent.swift */; };
		00F0F9A01AF4D4600003B4B2 /* UdacityConstants.swift in Sources */ = {isa = PBXBuildFile; fileRef = 00F0F99F1AF4D4600003B4B2 /* UdacityConstants.swift */; };
		00F17DB61B08B896002A3A89 /* UIColorExtension.swift in Sources */ = {isa = PBXBuildFile; fileRef = 00F17DB51B08B895002A3A89 /* UIColorExtension.swift */; };
		00F1EDF81AF65C260074E695 /* UdacityViewController.swift in Sources */ = {isa = PBXBuildFile; fileRef = 00F1EDF71AF65C260074E695 /* UdacityViewController.swift */; };
		00F1EDFA1AF723D20074E695 /* MapViewController.swift in Sources */ = {isa = PBXBuildFile; fileRef = 00F1EDF91AF723D20074E695 /* MapViewController.swift */; };
		00F1EDFC1AF723E00074E695 /* ListViewController.swift in Sources */ = {isa = PBXBuildFile; fileRef = 00F1EDFB1AF723E00074E695 /* ListViewController.swift */; };
		2AF3D4BDB6AE89432FD36E8F /* libPods-OnTheMap.a in Frameworks */ = {isa = PBXBuildFile; fileRef = 7B1C07E315B6AD1C58D637D5 /* libPods-OnTheMap.a */; };
/* End PBXBuildFile section */

/* Begin PBXContainerItemProxy section */
		006976051AEB32F100F7DD9A /* PBXContainerItemProxy */ = {
			isa = PBXContainerItemProxy;
			containerPortal = 006975E71AEB32F000F7DD9A /* Project object */;
			proxyType = 1;
			remoteGlobalIDString = 006975EE1AEB32F100F7DD9A;
			remoteInfo = OnTheMap;
		};
/* End PBXContainerItemProxy section */

/* Begin PBXFileReference section */
		006975EF1AEB32F100F7DD9A /* OnTheMap.app */ = {isa = PBXFileReference; explicitFileType = wrapper.application; includeInIndex = 0; path = OnTheMap.app; sourceTree = BUILT_PRODUCTS_DIR; };
		006975F31AEB32F100F7DD9A /* Info.plist */ = {isa = PBXFileReference; lastKnownFileType = text.plist.xml; path = Info.plist; sourceTree = "<group>"; };
		006975F41AEB32F100F7DD9A /* AppDelegate.swift */ = {isa = PBXFileReference; lastKnownFileType = sourcecode.swift; path = AppDelegate.swift; sourceTree = "<group>"; };
		006975F61AEB32F100F7DD9A /* LoginViewController.swift */ = {isa = PBXFileReference; lastKnownFileType = sourcecode.swift; path = LoginViewController.swift; sourceTree = "<group>"; };
		006975F91AEB32F100F7DD9A /* Base */ = {isa = PBXFileReference; lastKnownFileType = file.storyboard; name = Base; path = Base.lproj/Main.storyboard; sourceTree = "<group>"; };
		006975FB1AEB32F100F7DD9A /* Images.xcassets */ = {isa = PBXFileReference; lastKnownFileType = folder.assetcatalog; path = Images.xcassets; sourceTree = "<group>"; };
		006975FE1AEB32F100F7DD9A /* Base */ = {isa = PBXFileReference; lastKnownFileType = file.xib; name = Base; path = Base.lproj/LaunchScreen.xib; sourceTree = "<group>"; };
		006976041AEB32F100F7DD9A /* OnTheMapTests.xctest */ = {isa = PBXFileReference; explicitFileType = wrapper.cfbundle; includeInIndex = 0; path = OnTheMapTests.xctest; sourceTree = BUILT_PRODUCTS_DIR; };
		006976091AEB32F100F7DD9A /* Info.plist */ = {isa = PBXFileReference; lastKnownFileType = text.plist.xml; path = Info.plist; sourceTree = "<group>"; };
		0069760A1AEB32F100F7DD9A /* OnTheMapTests.swift */ = {isa = PBXFileReference; lastKnownFileType = sourcecode.swift; path = OnTheMapTests.swift; sourceTree = "<group>"; };
		006976141AEB3D2A00F7DD9A /* OnTheMap-Bridging-Header.h */ = {isa = PBXFileReference; lastKnownFileType = sourcecode.c.h; path = "OnTheMap-Bridging-Header.h"; sourceTree = "<group>"; };
		006976171AEBBA9400F7DD9A /* UdacityClient.swift */ = {isa = PBXFileReference; fileEncoding = 4; lastKnownFileType = sourcecode.swift; path = UdacityClient.swift; sourceTree = "<group>"; };
		006E5C081AFDB11700565EA4 /* UdacityAnnotation.swift */ = {isa = PBXFileReference; fileEncoding = 4; lastKnownFileType = sourcecode.swift; path = UdacityAnnotation.swift; sourceTree = "<group>"; };
		00EC35401AFE4241009006B9 /* ParseClient.swift */ = {isa = PBXFileReference; fileEncoding = 4; lastKnownFileType = sourcecode.swift; path = ParseClient.swift; sourceTree = "<group>"; };
		00EC35421AFE4253009006B9 /* ParseConstants.swift */ = {isa = PBXFileReference; fileEncoding = 4; lastKnownFileType = sourcecode.swift; path = ParseConstants.swift; sourceTree = "<group>"; };
		00F03F561B081E2000077403 /* PostingViewController.swift */ = {isa = PBXFileReference; fileEncoding = 4; lastKnownFileType = sourcecode.swift; path = PostingViewController.swift; sourceTree = "<group>"; };
		00F0F2BB1B0398AB00FB7769 /* UdacityStudent.swift */ = {isa = PBXFileReference; fileEncoding = 4; lastKnownFileType = sourcecode.swift; path = UdacityStudent.swift; sourceTree = "<group>"; };
		00F0F99F1AF4D4600003B4B2 /* UdacityConstants.swift */ = {isa = PBXFileReference; fileEncoding = 4; lastKnownFileType = sourcecode.swift; path = UdacityConstants.swift; sourceTree = "<group>"; };
		00F17DB51B08B895002A3A89 /* UIColorExtension.swift */ = {isa = PBXFileReference; fileEncoding = 4; lastKnownFileType = sourcecode.swift; path = UIColorExtension.swift; sourceTree = "<group>"; };
		00F1EDF71AF65C260074E695 /* UdacityViewController.swift */ = {isa = PBXFileReference; fileEncoding = 4; lastKnownFileType = sourcecode.swift; path = UdacityViewController.swift; sourceTree = "<group>"; };
		00F1EDF91AF723D20074E695 /* MapViewController.swift */ = {isa = PBXFileReference; fileEncoding = 4; lastKnownFileType = sourcecode.swift; path = MapViewController.swift; sourceTree = "<group>"; };
		00F1EDFB1AF723E00074E695 /* ListViewController.swift */ = {isa = PBXFileReference; fileEncoding = 4; lastKnownFileType = sourcecode.swift; path = ListViewController.swift; sourceTree = "<group>"; };
		7B1C07E315B6AD1C58D637D5 /* libPods-OnTheMap.a */ = {isa = PBXFileReference; explicitFileType = archive.ar; includeInIndex = 0; path = "libPods-OnTheMap.a"; sourceTree = BUILT_PRODUCTS_DIR; };
		D3CFF857DAFF3EB232BB3C85 /* Pods-OnTheMap.release.xcconfig */ = {isa = PBXFileReference; includeInIndex = 1; lastKnownFileType = text.xcconfig; name = "Pods-OnTheMap.release.xcconfig"; path = "Pods/Target Support Files/Pods-OnTheMap/Pods-OnTheMap.release.xcconfig"; sourceTree = "<group>"; };
		D63D6CF35EA1CB5F0268A9EA /* Pods-OnTheMap.debug.xcconfig */ = {isa = PBXFileReference; includeInIndex = 1; lastKnownFileType = text.xcconfig; name = "Pods-OnTheMap.debug.xcconfig"; path = "Pods/Target Support Files/Pods-OnTheMap/Pods-OnTheMap.debug.xcconfig"; sourceTree = "<group>"; };
/* End PBXFileReference section */

/* Begin PBXFrameworksBuildPhase section */
		006975EC1AEB32F100F7DD9A /* Frameworks */ = {
			isa = PBXFrameworksBuildPhase;
			buildActionMask = 2147483647;
			files = (
				2AF3D4BDB6AE89432FD36E8F /* libPods-OnTheMap.a in Frameworks */,
			);
			runOnlyForDeploymentPostprocessing = 0;
		};
		006976011AEB32F100F7DD9A /* Frameworks */ = {
			isa = PBXFrameworksBuildPhase;
			buildActionMask = 2147483647;
			files = (
			);
			runOnlyForDeploymentPostprocessing = 0;
		};
/* End PBXFrameworksBuildPhase section */

/* Begin PBXGroup section */
		006975E61AEB32F000F7DD9A = {
			isa = PBXGroup;
			children = (
				006975F11AEB32F100F7DD9A /* OnTheMap */,
				006976071AEB32F100F7DD9A /* OnTheMapTests */,
				006975F01AEB32F100F7DD9A /* Products */,
				1FAB0FA0CA509893C767F3B8 /* Pods */,
				D55C0108CE9C93EA9F25FAD8 /* Frameworks */,
			);
			sourceTree = "<group>";
		};
		006975F01AEB32F100F7DD9A /* Products */ = {
			isa = PBXGroup;
			children = (
				006975EF1AEB32F100F7DD9A /* OnTheMap.app */,
				006976041AEB32F100F7DD9A /* OnTheMapTests.xctest */,
			);
			name = Products;
			sourceTree = "<group>";
		};
		006975F11AEB32F100F7DD9A /* OnTheMap */ = {
			isa = PBXGroup;
			children = (
				006975F41AEB32F100F7DD9A /* AppDelegate.swift */,
				006976171AEBBA9400F7DD9A /* UdacityClient.swift */,
				00F0F99F1AF4D4600003B4B2 /* UdacityConstants.swift */,
				00EC35401AFE4241009006B9 /* ParseClient.swift */,
				00EC35421AFE4253009006B9 /* ParseConstants.swift */,
				00F0F2BB1B0398AB00FB7769 /* UdacityStudent.swift */,
				006E5C081AFDB11700565EA4 /* UdacityAnnotation.swift */,
				006975F61AEB32F100F7DD9A /* LoginViewController.swift */,
				00F1EDF91AF723D20074E695 /* MapViewController.swift */,
				00F1EDFB1AF723E00074E695 /* ListViewController.swift */,
				00F03F561B081E2000077403 /* PostingViewController.swift */,
				00F1EDF71AF65C260074E695 /* UdacityViewController.swift */,
				00F17DB51B08B895002A3A89 /* UIColorExtension.swift */,
				006975F81AEB32F100F7DD9A /* Main.storyboard */,
				006975FB1AEB32F100F7DD9A /* Images.xcassets */,
				006975FD1AEB32F100F7DD9A /* LaunchScreen.xib */,
				006975F21AEB32F100F7DD9A /* Supporting Files */,
				006976141AEB3D2A00F7DD9A /* OnTheMap-Bridging-Header.h */,
			);
			path = OnTheMap;
			sourceTree = "<group>";
		};
		006975F21AEB32F100F7DD9A /* Supporting Files */ = {
			isa = PBXGroup;
			children = (
				006975F31AEB32F100F7DD9A /* Info.plist */,
			);
			name = "Supporting Files";
			sourceTree = "<group>";
		};
		006976071AEB32F100F7DD9A /* OnTheMapTests */ = {
			isa = PBXGroup;
			children = (
				0069760A1AEB32F100F7DD9A /* OnTheMapTests.swift */,
				006976081AEB32F100F7DD9A /* Supporting Files */,
			);
			path = OnTheMapTests;
			sourceTree = "<group>";
		};
		006976081AEB32F100F7DD9A /* Supporting Files */ = {
			isa = PBXGroup;
			children = (
				006976091AEB32F100F7DD9A /* Info.plist */,
			);
			name = "Supporting Files";
			sourceTree = "<group>";
		};
		1FAB0FA0CA509893C767F3B8 /* Pods */ = {
			isa = PBXGroup;
			children = (
				D63D6CF35EA1CB5F0268A9EA /* Pods-OnTheMap.debug.xcconfig */,
				D3CFF857DAFF3EB232BB3C85 /* Pods-OnTheMap.release.xcconfig */,
			);
			name = Pods;
			sourceTree = "<group>";
		};
		D55C0108CE9C93EA9F25FAD8 /* Frameworks */ = {
			isa = PBXGroup;
			children = (
				7B1C07E315B6AD1C58D637D5 /* libPods-OnTheMap.a */,
			);
			name = Frameworks;
			sourceTree = "<group>";
		};
/* End PBXGroup section */

/* Begin PBXNativeTarget section */
		006975EE1AEB32F100F7DD9A /* OnTheMap */ = {
			isa = PBXNativeTarget;
			buildConfigurationList = 0069760E1AEB32F100F7DD9A /* Build configuration list for PBXNativeTarget "OnTheMap" */;
			buildPhases = (
				57D7611E07633229720F268D /* Check Pods Manifest.lock */,
				006975EB1AEB32F100F7DD9A /* Sources */,
				006975EC1AEB32F100F7DD9A /* Frameworks */,
				006975ED1AEB32F100F7DD9A /* Resources */,
				78F88CE4D2CCE27D5CF0FB9B /* Copy Pods Resources */,
			);
			buildRules = (
			);
			dependencies = (
			);
			name = OnTheMap;
			productName = OnTheMap;
			productReference = 006975EF1AEB32F100F7DD9A /* OnTheMap.app */;
			productType = "com.apple.product-type.application";
		};
		006976031AEB32F100F7DD9A /* OnTheMapTests */ = {
			isa = PBXNativeTarget;
			buildConfigurationList = 006976111AEB32F100F7DD9A /* Build configuration list for PBXNativeTarget "OnTheMapTests" */;
			buildPhases = (
				006976001AEB32F100F7DD9A /* Sources */,
				006976011AEB32F100F7DD9A /* Frameworks */,
				006976021AEB32F100F7DD9A /* Resources */,
			);
			buildRules = (
			);
			dependencies = (
				006976061AEB32F100F7DD9A /* PBXTargetDependency */,
			);
			name = OnTheMapTests;
			productName = OnTheMapTests;
			productReference = 006976041AEB32F100F7DD9A /* OnTheMapTests.xctest */;
			productType = "com.apple.product-type.bundle.unit-test";
		};
/* End PBXNativeTarget section */

/* Begin PBXProject section */
		006975E71AEB32F000F7DD9A /* Project object */ = {
			isa = PBXProject;
			attributes = {
				LastUpgradeCheck = 0630;
				ORGANIZATIONNAME = "Shimmen Nobuyoshi";
				TargetAttributes = {
					006975EE1AEB32F100F7DD9A = {
						CreatedOnToolsVersion = 6.3;
					};
					006976031AEB32F100F7DD9A = {
						CreatedOnToolsVersion = 6.3;
						TestTargetID = 006975EE1AEB32F100F7DD9A;
					};
				};
			};
			buildConfigurationList = 006975EA1AEB32F000F7DD9A /* Build configuration list for PBXProject "OnTheMap" */;
			compatibilityVersion = "Xcode 3.2";
			developmentRegion = English;
			hasScannedForEncodings = 0;
			knownRegions = (
				en,
				Base,
			);
			mainGroup = 006975E61AEB32F000F7DD9A;
			productRefGroup = 006975F01AEB32F100F7DD9A /* Products */;
			projectDirPath = "";
			projectRoot = "";
			targets = (
				006975EE1AEB32F100F7DD9A /* OnTheMap */,
				006976031AEB32F100F7DD9A /* OnTheMapTests */,
			);
		};
/* End PBXProject section */

/* Begin PBXResourcesBuildPhase section */
		006975ED1AEB32F100F7DD9A /* Resources */ = {
			isa = PBXResourcesBuildPhase;
			buildActionMask = 2147483647;
			files = (
				006975FA1AEB32F100F7DD9A /* Main.storyboard in Resources */,
				006975FF1AEB32F100F7DD9A /* LaunchScreen.xib in Resources */,
				006975FC1AEB32F100F7DD9A /* Images.xcassets in Resources */,
			);
			runOnlyForDeploymentPostprocessing = 0;
		};
		006976021AEB32F100F7DD9A /* Resources */ = {
			isa = PBXResourcesBuildPhase;
			buildActionMask = 2147483647;
			files = (
			);
			runOnlyForDeploymentPostprocessing = 0;
		};
/* End PBXResourcesBuildPhase section */

/* Begin PBXShellScriptBuildPhase section */
		57D7611E07633229720F268D /* Check Pods Manifest.lock */ = {
			isa = PBXShellScriptBuildPhase;
			buildActionMask = 2147483647;
			files = (
			);
			inputPaths = (
			);
			name = "Check Pods Manifest.lock";
			outputPaths = (
			);
			runOnlyForDeploymentPostprocessing = 0;
			shellPath = /bin/sh;
			shellScript = "diff \"${PODS_ROOT}/../Podfile.lock\" \"${PODS_ROOT}/Manifest.lock\" > /dev/null\nif [[ $? != 0 ]] ; then\n    cat << EOM\nerror: The sandbox is not in sync with the Podfile.lock. Run 'pod install' or update your CocoaPods installation.\nEOM\n    exit 1\nfi\n";
			showEnvVarsInLog = 0;
		};
		78F88CE4D2CCE27D5CF0FB9B /* Copy Pods Resources */ = {
			isa = PBXShellScriptBuildPhase;
			buildActionMask = 2147483647;
			files = (
			);
			inputPaths = (
			);
			name = "Copy Pods Resources";
			outputPaths = (
			);
			runOnlyForDeploymentPostprocessing = 0;
			shellPath = /bin/sh;
			shellScript = "\"${SRCROOT}/Pods/Target Support Files/Pods-OnTheMap/Pods-OnTheMap-resources.sh\"\n";
			showEnvVarsInLog = 0;
		};
/* End PBXShellScriptBuildPhase section */

/* Begin PBXSourcesBuildPhase section */
		006975EB1AEB32F100F7DD9A /* Sources */ = {
			isa = PBXSourcesBuildPhase;
			buildActionMask = 2147483647;
			files = (
				006E5C091AFDB11700565EA4 /* UdacityAnnotation.swift in Sources */,
				00F17DB61B08B896002A3A89 /* UIColorExtension.swift in Sources */,
				00F1EDF81AF65C260074E695 /* UdacityViewController.swift in Sources */,
				00EC35431AFE4253009006B9 /* ParseConstants.swift in Sources */,
				00F0F2BC1B0398AB00FB7769 /* UdacityStudent.swift in Sources */,
				00F1EDFA1AF723D20074E695 /* MapViewController.swift in Sources */,
				00F03F571B081E2000077403 /* PostingViewController.swift in Sources */,
				006975F71AEB32F100F7DD9A /* LoginViewController.swift in Sources */,
				00F0F9A01AF4D4600003B4B2 /* UdacityConstants.swift in Sources */,
				00EC35411AFE4241009006B9 /* ParseClient.swift in Sources */,
				006975F51AEB32F100F7DD9A /* AppDelegate.swift in Sources */,
				006976181AEBBA9400F7DD9A /* UdacityClient.swift in Sources */,
				00F1EDFC1AF723E00074E695 /* ListViewController.swift in Sources */,
			);
			runOnlyForDeploymentPostprocessing = 0;
		};
		006976001AEB32F100F7DD9A /* Sources */ = {
			isa = PBXSourcesBuildPhase;
			buildActionMask = 2147483647;
			files = (
				0069760B1AEB32F100F7DD9A /* OnTheMapTests.swift in Sources */,
			);
			runOnlyForDeploymentPostprocessing = 0;
		};
/* End PBXSourcesBuildPhase section */

/* Begin PBXTargetDependency section */
		006976061AEB32F100F7DD9A /* PBXTargetDependency */ = {
			isa = PBXTargetDependency;
			target = 006975EE1AEB32F100F7DD9A /* OnTheMap */;
			targetProxy = 006976051AEB32F100F7DD9A /* PBXContainerItemProxy */;
		};
/* End PBXTargetDependency section */

/* Begin PBXVariantGroup section */
		006975F81AEB32F100F7DD9A /* Main.storyboard */ = {
			isa = PBXVariantGroup;
			children = (
				006975F91AEB32F100F7DD9A /* Base */,
			);
			name = Main.storyboard;
			sourceTree = "<group>";
		};
		006975FD1AEB32F100F7DD9A /* LaunchScreen.xib */ = {
			isa = PBXVariantGroup;
			children = (
				006975FE1AEB32F100F7DD9A /* Base */,
			);
			name = LaunchScreen.xib;
			sourceTree = "<group>";
		};
/* End PBXVariantGroup section */

/* Begin XCBuildConfiguration section */
		0069760C1AEB32F100F7DD9A /* Debug */ = {
			isa = XCBuildConfiguration;
			buildSettings = {
				ALWAYS_SEARCH_USER_PATHS = NO;
				CLANG_CXX_LANGUAGE_STANDARD = "gnu++0x";
				CLANG_CXX_LIBRARY = "libc++";
				CLANG_ENABLE_MODULES = YES;
				CLANG_ENABLE_OBJC_ARC = YES;
				CLANG_WARN_BOOL_CONVERSION = YES;
				CLANG_WARN_CONSTANT_CONVERSION = YES;
				CLANG_WARN_DIRECT_OBJC_ISA_USAGE = YES_ERROR;
				CLANG_WARN_EMPTY_BODY = YES;
				CLANG_WARN_ENUM_CONVERSION = YES;
				CLANG_WARN_INT_CONVERSION = YES;
				CLANG_WARN_OBJC_ROOT_CLASS = YES_ERROR;
				CLANG_WARN_UNREACHABLE_CODE = YES;
				CLANG_WARN__DUPLICATE_METHOD_MATCH = YES;
				"CODE_SIGN_IDENTITY[sdk=iphoneos*]" = "iPhone Developer";
				COPY_PHASE_STRIP = NO;
				DEBUG_INFORMATION_FORMAT = "dwarf-with-dsym";
				ENABLE_STRICT_OBJC_MSGSEND = YES;
				GCC_C_LANGUAGE_STANDARD = gnu99;
				GCC_DYNAMIC_NO_PIC = NO;
				GCC_NO_COMMON_BLOCKS = YES;
				GCC_OPTIMIZATION_LEVEL = 0;
				GCC_PREPROCESSOR_DEFINITIONS = (
					"DEBUG=1",
					"$(inherited)",
				);
				GCC_SYMBOLS_PRIVATE_EXTERN = NO;
				GCC_WARN_64_TO_32_BIT_CONVERSION = YES;
				GCC_WARN_ABOUT_RETURN_TYPE = YES_ERROR;
				GCC_WARN_UNDECLARED_SELECTOR = YES;
				GCC_WARN_UNINITIALIZED_AUTOS = YES_AGGRESSIVE;
				GCC_WARN_UNUSED_FUNCTION = YES;
				GCC_WARN_UNUSED_VARIABLE = YES;
				IPHONEOS_DEPLOYMENT_TARGET = 8.3;
				MTL_ENABLE_DEBUG_INFO = YES;
				ONLY_ACTIVE_ARCH = YES;
				SDKROOT = iphoneos;
				SWIFT_OPTIMIZATION_LEVEL = "-Onone";
				TARGETED_DEVICE_FAMILY = "1,2";
			};
			name = Debug;
		};
		0069760D1AEB32F100F7DD9A /* Release */ = {
			isa = XCBuildConfiguration;
			buildSettings = {
				ALWAYS_SEARCH_USER_PATHS = NO;
				CLANG_CXX_LANGUAGE_STANDARD = "gnu++0x";
				CLANG_CXX_LIBRARY = "libc++";
				CLANG_ENABLE_MODULES = YES;
				CLANG_ENABLE_OBJC_ARC = YES;
				CLANG_WARN_BOOL_CONVERSION = YES;
				CLANG_WARN_CONSTANT_CONVERSION = YES;
				CLANG_WARN_DIRECT_OBJC_ISA_USAGE = YES_ERROR;
				CLANG_WARN_EMPTY_BODY = YES;
				CLANG_WARN_ENUM_CONVERSION = YES;
				CLANG_WARN_INT_CONVERSION = YES;
				CLANG_WARN_OBJC_ROOT_CLASS = YES_ERROR;
				CLANG_WARN_UNREACHABLE_CODE = YES;
				CLANG_WARN__DUPLICATE_METHOD_MATCH = YES;
				"CODE_SIGN_IDENTITY[sdk=iphoneos*]" = "iPhone Developer";
				COPY_PHASE_STRIP = NO;
				DEBUG_INFORMATION_FORMAT = "dwarf-with-dsym";
				ENABLE_NS_ASSERTIONS = NO;
				ENABLE_STRICT_OBJC_MSGSEND = YES;
				GCC_C_LANGUAGE_STANDARD = gnu99;
				GCC_NO_COMMON_BLOCKS = YES;
				GCC_WARN_64_TO_32_BIT_CONVERSION = YES;
				GCC_WARN_ABOUT_RETURN_TYPE = YES_ERROR;
				GCC_WARN_UNDECLARED_SELECTOR = YES;
				GCC_WARN_UNINITIALIZED_AUTOS = YES_AGGRESSIVE;
				GCC_WARN_UNUSED_FUNCTION = YES;
				GCC_WARN_UNUSED_VARIABLE = YES;
				IPHONEOS_DEPLOYMENT_TARGET = 8.3;
				MTL_ENABLE_DEBUG_INFO = NO;
				SDKROOT = iphoneos;
				TARGETED_DEVICE_FAMILY = "1,2";
				VALIDATE_PRODUCT = YES;
			};
			name = Release;
		};
		0069760F1AEB32F100F7DD9A /* Debug */ = {
			isa = XCBuildConfiguration;
			baseConfigurationReference = D63D6CF35EA1CB5F0268A9EA /* Pods-OnTheMap.debug.xcconfig */;
			buildSettings = {
				ASSETCATALOG_COMPILER_APPICON_NAME = AppIcon;
				CLANG_ENABLE_MODULES = YES;
				INFOPLIST_FILE = OnTheMap/Info.plist;
				LD_RUNPATH_SEARCH_PATHS = "$(inherited) @executable_path/Frameworks";
				PRODUCT_NAME = "$(TARGET_NAME)";
				SWIFT_OBJC_BRIDGING_HEADER = "OnTheMap/OnTheMap-Bridging-Header.h";
				SWIFT_OPTIMIZATION_LEVEL = "-Onone";
			};
			name = Debug;
		};
		006976101AEB32F100F7DD9A /* Release */ = {
			isa = XCBuildConfiguration;
			baseConfigurationReference = D3CFF857DAFF3EB232BB3C85 /* Pods-OnTheMap.release.xcconfig */;
			buildSettings = {
				ASSETCATALOG_COMPILER_APPICON_NAME = AppIcon;
				CLANG_ENABLE_MODULES = YES;
				INFOPLIST_FILE = OnTheMap/Info.plist;
				LD_RUNPATH_SEARCH_PATHS = "$(inherited) @executable_path/Frameworks";
				PRODUCT_NAME = "$(TARGET_NAME)";
				SWIFT_OBJC_BRIDGING_HEADER = "OnTheMap/OnTheMap-Bridging-Header.h";
			};
			name = Release;
		};
		006976121AEB32F100F7DD9A /* Debug */ = {
			isa = XCBuildConfiguration;
			buildSettings = {
				BUNDLE_LOADER = "$(TEST_HOST)";
				FRAMEWORK_SEARCH_PATHS = (
					"$(SDKROOT)/Developer/Library/Frameworks",
					"$(inherited)",
				);
				GCC_PREPROCESSOR_DEFINITIONS = (
					"DEBUG=1",
					"$(inherited)",
				);
				INFOPLIST_FILE = OnTheMapTests/Info.plist;
				LD_RUNPATH_SEARCH_PATHS = "$(inherited) @executable_path/Frameworks @loader_path/Frameworks";
				PRODUCT_NAME = "$(TARGET_NAME)";
				TEST_HOST = "$(BUILT_PRODUCTS_DIR)/OnTheMap.app/OnTheMap";
			};
			name = Debug;
		};
		006976131AEB32F100F7DD9A /* Release */ = {
			isa = XCBuildConfiguration;
			buildSettings = {
				BUNDLE_LOADER = "$(TEST_HOST)";
				FRAMEWORK_SEARCH_PATHS = (
					"$(SDKROOT)/Developer/Library/Frameworks",
					"$(inherited)",
				);
				INFOPLIST_FILE = OnTheMapTests/Info.plist;
				LD_RUNPATH_SEARCH_PATHS = "$(inherited) @executable_path/Frameworks @loader_path/Frameworks";
				PRODUCT_NAME = "$(TARGET_NAME)";
				TEST_HOST = "$(BUILT_PRODUCTS_DIR)/OnTheMap.app/OnTheMap";
			};
			name = Release;
		};
/* End XCBuildConfiguration section */

/* Begin XCConfigurationList section */
		006975EA1AEB32F000F7DD9A /* Build configuration list for PBXProject "OnTheMap" */ = {
			isa = XCConfigurationList;
			buildConfigurations = (
				0069760C1AEB32F100F7DD9A /* Debug */,
				0069760D1AEB32F100F7DD9A /* Release */,
			);
			defaultConfigurationIsVisible = 0;
			defaultConfigurationName = Release;
		};
		0069760E1AEB32F100F7DD9A /* Build configuration list for PBXNativeTarget "OnTheMap" */ = {
			isa = XCConfigurationList;
			buildConfigurations = (
				0069760F1AEB32F100F7DD9A /* Debug */,
				006976101AEB32F100F7DD9A /* Release */,
			);
			defaultConfigurationIsVisible = 0;
			defaultConfigurationName = Release;
		};
		006976111AEB32F100F7DD9A /* Build configuration list for PBXNativeTarget "OnTheMapTests" */ = {
			isa = XCConfigurationList;
			buildConfigurations = (
				006976121AEB32F100F7DD9A /* Debug */,
				006976131AEB32F100F7DD9A /* Release */,
			);
			defaultConfigurationIsVisible = 0;
			defaultConfigurationName = Release;
		};
/* End XCConfigurationList section */
	};
	rootObject = 006975E71AEB32F000F7DD9A /* Project object */;
}
